
Microsoft Visual Studio Solution File, Format Version 12.00
# Visual Studio Version 17
VisualStudioVersion = 17.0.31919.166
MinimumVisualStudioVersion = 10.0.40219.1
Project("{9A19103F-16F7-4668-BE54-9A1E7A4F7556}") = "RemcosPatcher", "RemcosPatcher\RemcosPatcher.csproj", "{49F264B1-4A82-44B0-AE77-B528E7F04A8E}"
EndProject
Global
	GlobalSection(SolutionConfigurationPlatforms) = preSolution
		Debug|Any CPU = Debug|Any CPU
		Debug|x64 = Debug|x64
		Release|Any CPU = Release|Any CPU
		Release|x64 = Release|x64
	EndGlobalSection
	GlobalSection(ProjectConfigurationPlatforms) = postSolution
		{49F264B1-4A82-44B0-AE77-B528E7F04A8E}.Debug|Any CPU.ActiveCfg = Debug|Any CPU
		{49F264B1-4A82-44B0-AE77-B528E7F04A8E}.Debug|Any CPU.Build.0 = Debug|Any CPU
		{49F264B1-4A82-44B0-AE77-B528E7F04A8E}.Debug|x64.ActiveCfg = Debug|x64
		{49F264B1-4A82-44B0-AE77-B528E7F04A8E}.Debug|x64.Build.0 = Debug|x64
		{49F264B1-4A82-44B0-AE77-B528E7F04A8E}.Release|Any CPU.ActiveCfg = Release|Any CPU
		{49F264B1-4A82-44B0-AE77-B528E7F04A8E}.Release|Any CPU.Build.0 = Release|Any CPU
		{49F264B1-4A82-44B0-AE77-B528E7F04A8E}.Release|x64.ActiveCfg = Release|x64
		{49F264B1-4A82-44B0-AE77-B528E7F04A8E}.Release|x64.Build.0 = Release|x64
	EndGlobalSection
	GlobalSection(SolutionProperties) = preSolution
		HideSolutionNode = FALSE
	EndGlobalSection
	GlobalSection(ExtensibilityGlobals) = postSolution
		SolutionGuid = {D297C5C0-E1CF-4B94-9F88-939CB08FF0FF}
	EndGlobalSection
EndGlobal
